// !$*UTF8*$!
{
	archiveVersion = 1;
	classes = {
	};
	objectVersion = 50;
	objects = {

/* Begin PBXBuildFile section */
		805FFCB426D623E6006E45E9 /* AppDelegate.swift in Sources */ = {isa = PBXBuildFile; fileRef = 805FFCB326D623E6006E45E9 /* AppDelegate.swift */; };
		805FFCB626D623E6006E45E9 /* SceneDelegate.swift in Sources */ = {isa = PBXBuildFile; fileRef = 805FFCB526D623E6006E45E9 /* SceneDelegate.swift */; };
		805FFCBB26D623E6006E45E9 /* Main.storyboard in Resources */ = {isa = PBXBuildFile; fileRef = 805FFCB926D623E6006E45E9 /* Main.storyboard */; };
		805FFCBE26D623E6006E45E9 /* MahendraAssignment.xcdatamodeld in Sources */ = {isa = PBXBuildFile; fileRef = 805FFCBC26D623E6006E45E9 /* MahendraAssignment.xcdatamodeld */; };
		805FFCC026D623E9006E45E9 /* Assets.xcassets in Resources */ = {isa = PBXBuildFile; fileRef = 805FFCBF26D623E9006E45E9 /* Assets.xcassets */; };
		805FFCC326D623E9006E45E9 /* LaunchScreen.storyboard in Resources */ = {isa = PBXBuildFile; fileRef = 805FFCC126D623E9006E45E9 /* LaunchScreen.storyboard */; };
		805FFCCE26D623EA006E45E9 /* MahendraAssignmentTests.swift in Sources */ = {isa = PBXBuildFile; fileRef = 805FFCCD26D623EA006E45E9 /* MahendraAssignmentTests.swift */; };
		805FFCD926D623EA006E45E9 /* MahendraAssignmentUITests.swift in Sources */ = {isa = PBXBuildFile; fileRef = 805FFCD826D623EA006E45E9 /* MahendraAssignmentUITests.swift */; };
		805FFCFB26D627B3006E45E9 /* CaseViewController.swift in Sources */ = {isa = PBXBuildFile; fileRef = 805FFCFA26D627B3006E45E9 /* CaseViewController.swift */; };
		805FFD0426D64F5F006E45E9 /* EventsViewController.swift in Sources */ = {isa = PBXBuildFile; fileRef = 805FFD0226D64F5F006E45E9 /* EventsViewController.swift */; };
		805FFD0F26D64F9D006E45E9 /* EventViewModel.swift in Sources */ = {isa = PBXBuildFile; fileRef = 805FFD0E26D64F9D006E45E9 /* EventViewModel.swift */; };
		805FFD1526D64FD3006E45E9 /* EventModel.swift in Sources */ = {isa = PBXBuildFile; fileRef = 805FFD1426D64FD3006E45E9 /* EventModel.swift */; };
		805FFD2426D65751006E45E9 /* AddEventViewController.swift in Sources */ = {isa = PBXBuildFile; fileRef = 805FFD2326D65751006E45E9 /* AddEventViewController.swift */; };
		805FFD2926D65773006E45E9 /* AddEventViewModel.swift in Sources */ = {isa = PBXBuildFile; fileRef = 805FFD2826D65773006E45E9 /* AddEventViewModel.swift */; };
		805FFD2E26D65782006E45E9 /* AddEventsModel.swift in Sources */ = {isa = PBXBuildFile; fileRef = 805FFD2D26D65782006E45E9 /* AddEventsModel.swift */; };
		805FFD4D26D66D94006E45E9 /* DatePickerViewController.swift in Sources */ = {isa = PBXBuildFile; fileRef = 805FFD4B26D66D94006E45E9 /* DatePickerViewController.swift */; };
		805FFD4E26D66D94006E45E9 /* DatePickerViewController.xib in Resources */ = {isa = PBXBuildFile; fileRef = 805FFD4C26D66D94006E45E9 /* DatePickerViewController.xib */; };
		805FFD5626D67F99006E45E9 /* BaseViewController.swift in Sources */ = {isa = PBXBuildFile; fileRef = 805FFD5526D67F98006E45E9 /* BaseViewController.swift */; };
		805FFD5D26D68AB6006E45E9 /* EventListTableViewCell.swift in Sources */ = {isa = PBXBuildFile; fileRef = 805FFD5B26D68AB6006E45E9 /* EventListTableViewCell.swift */; };
		805FFD5E26D68AB6006E45E9 /* EventListTableViewCell.xib in Resources */ = {isa = PBXBuildFile; fileRef = 805FFD5C26D68AB6006E45E9 /* EventListTableViewCell.xib */; };
		805FFD7426D7453A006E45E9 /* Utilities.swift in Sources */ = {isa = PBXBuildFile; fileRef = 805FFD7326D7453A006E45E9 /* Utilities.swift */; };
		809B350626D935D6001DF491 /* CaseA.swift in Sources */ = {isa = PBXBuildFile; fileRef = 809B350526D935D6001DF491 /* CaseA.swift */; };
		809B350B26D937E6001DF491 /* CaseB.swift in Sources */ = {isa = PBXBuildFile; fileRef = 809B350A26D937E6001DF491 /* CaseB.swift */; };
		80EAF7B926D7F9C600A97EF8 /* OCRViewController.swift in Sources */ = {isa = PBXBuildFile; fileRef = 80EAF7B826D7F9C600A97EF8 /* OCRViewController.swift */; };
		80EAF7BE26D7F9DC00A97EF8 /* ORCViewModel.swift in Sources */ = {isa = PBXBuildFile; fileRef = 80EAF7BD26D7F9DC00A97EF8 /* ORCViewModel.swift */; };
		80EAF7C326D7F9EC00A97EF8 /* OCRModel.swift in Sources */ = {isa = PBXBuildFile; fileRef = 80EAF7C226D7F9EC00A97EF8 /* OCRModel.swift */; };
/* End PBXBuildFile section */

/* Begin PBXContainerItemProxy section */
		805FFCCA26D623E9006E45E9 /* PBXContainerItemProxy */ = {
			isa = PBXContainerItemProxy;
			containerPortal = 805FFCA826D623E6006E45E9 /* Project object */;
			proxyType = 1;
			remoteGlobalIDString = 805FFCAF26D623E6006E45E9;
			remoteInfo = MahendraAssignment;
		};
		805FFCD526D623EA006E45E9 /* PBXContainerItemProxy */ = {
			isa = PBXContainerItemProxy;
			containerPortal = 805FFCA826D623E6006E45E9 /* Project object */;
			proxyType = 1;
			remoteGlobalIDString = 805FFCAF26D623E6006E45E9;
			remoteInfo = MahendraAssignment;
		};
/* End PBXContainerItemProxy section */

/* Begin PBXFileReference section */
		805FFCB026D623E6006E45E9 /* MahendraAssignment.app */ = {isa = PBXFileReference; explicitFileType = wrapper.application; includeInIndex = 0; path = MahendraAssignment.app; sourceTree = BUILT_PRODUCTS_DIR; };
		805FFCB326D623E6006E45E9 /* AppDelegate.swift */ = {isa = PBXFileReference; lastKnownFileType = sourcecode.swift; path = AppDelegate.swift; sourceTree = "<group>"; };
		805FFCB526D623E6006E45E9 /* SceneDelegate.swift */ = {isa = PBXFileReference; lastKnownFileType = sourcecode.swift; path = SceneDelegate.swift; sourceTree = "<group>"; };
		805FFCBA26D623E6006E45E9 /* Base */ = {isa = PBXFileReference; lastKnownFileType = file.storyboard; name = Base; path = Base.lproj/Main.storyboard; sourceTree = "<group>"; };
		805FFCBD26D623E6006E45E9 /* MahendraAssignment.xcdatamodel */ = {isa = PBXFileReference; lastKnownFileType = wrapper.xcdatamodel; path = MahendraAssignment.xcdatamodel; sourceTree = "<group>"; };
		805FFCBF26D623E9006E45E9 /* Assets.xcassets */ = {isa = PBXFileReference; lastKnownFileType = folder.assetcatalog; path = Assets.xcassets; sourceTree = "<group>"; };
		805FFCC226D623E9006E45E9 /* Base */ = {isa = PBXFileReference; lastKnownFileType = file.storyboard; name = Base; path = Base.lproj/LaunchScreen.storyboard; sourceTree = "<group>"; };
		805FFCC426D623E9006E45E9 /* Info.plist */ = {isa = PBXFileReference; lastKnownFileType = text.plist.xml; path = Info.plist; sourceTree = "<group>"; };
		805FFCC926D623E9006E45E9 /* MahendraAssignmentTests.xctest */ = {isa = PBXFileReference; explicitFileType = wrapper.cfbundle; includeInIndex = 0; path = MahendraAssignmentTests.xctest; sourceTree = BUILT_PRODUCTS_DIR; };
		805FFCCD26D623EA006E45E9 /* MahendraAssignmentTests.swift */ = {isa = PBXFileReference; lastKnownFileType = sourcecode.swift; path = MahendraAssignmentTests.swift; sourceTree = "<group>"; };
		805FFCCF26D623EA006E45E9 /* Info.plist */ = {isa = PBXFileReference; lastKnownFileType = text.plist.xml; path = Info.plist; sourceTree = "<group>"; };
		805FFCD426D623EA006E45E9 /* MahendraAssignmentUITests.xctest */ = {isa = PBXFileReference; explicitFileType = wrapper.cfbundle; includeInIndex = 0; path = MahendraAssignmentUITests.xctest; sourceTree = BUILT_PRODUCTS_DIR; };
		805FFCD826D623EA006E45E9 /* MahendraAssignmentUITests.swift */ = {isa = PBXFileReference; lastKnownFileType = sourcecode.swift; path = MahendraAssignmentUITests.swift; sourceTree = "<group>"; };
		805FFCDA26D623EA006E45E9 /* Info.plist */ = {isa = PBXFileReference; lastKnownFileType = text.plist.xml; path = Info.plist; sourceTree = "<group>"; };
		805FFCFA26D627B3006E45E9 /* CaseViewController.swift */ = {isa = PBXFileReference; lastKnownFileType = sourcecode.swift; path = CaseViewController.swift; sourceTree = "<group>"; };
		805FFD0226D64F5F006E45E9 /* EventsViewController.swift */ = {isa = PBXFileReference; lastKnownFileType = sourcecode.swift; path = EventsViewController.swift; sourceTree = "<group>"; };
		805FFD0E26D64F9D006E45E9 /* EventViewModel.swift */ = {isa = PBXFileReference; lastKnownFileType = sourcecode.swift; path = EventViewModel.swift; sourceTree = "<group>"; };
		805FFD1426D64FD3006E45E9 /* EventModel.swift */ = {isa = PBXFileReference; lastKnownFileType = sourcecode.swift; path = EventModel.swift; sourceTree = "<group>"; };
		805FFD2326D65751006E45E9 /* AddEventViewController.swift */ = {isa = PBXFileReference; lastKnownFileType = sourcecode.swift; path = AddEventViewController.swift; sourceTree = "<group>"; };
		805FFD2826D65773006E45E9 /* AddEventViewModel.swift */ = {isa = PBXFileReference; lastKnownFileType = sourcecode.swift; path = AddEventViewModel.swift; sourceTree = "<group>"; };
		805FFD2D26D65782006E45E9 /* AddEventsModel.swift */ = {isa = PBXFileReference; lastKnownFileType = sourcecode.swift; name = AddEventsModel.swift; path = MahendraAssignment/CaseA/AddEvent/ViewModel/AddEventsModel.swift; sourceTree = SOURCE_ROOT; };
		805FFD3226D65F36006E45E9 /* Events+CoreDataClass.swift */ = {isa = PBXFileReference; lastKnownFileType = sourcecode.swift; path = "Events+CoreDataClass.swift"; sourceTree = "<group>"; };
		805FFD3326D65F36006E45E9 /* Events+CoreDataProperties.swift */ = {isa = PBXFileReference; lastKnownFileType = sourcecode.swift; path = "Events+CoreDataProperties.swift"; sourceTree = "<group>"; };
		805FFD4B26D66D94006E45E9 /* DatePickerViewController.swift */ = {isa = PBXFileReference; lastKnownFileType = sourcecode.swift; path = DatePickerViewController.swift; sourceTree = "<group>"; };
		805FFD4C26D66D94006E45E9 /* DatePickerViewController.xib */ = {isa = PBXFileReference; lastKnownFileType = file.xib; path = DatePickerViewController.xib; sourceTree = "<group>"; };
		805FFD5526D67F98006E45E9 /* BaseViewController.swift */ = {isa = PBXFileReference; lastKnownFileType = sourcecode.swift; path = BaseViewController.swift; sourceTree = "<group>"; };
		805FFD5B26D68AB6006E45E9 /* EventListTableViewCell.swift */ = {isa = PBXFileReference; lastKnownFileType = sourcecode.swift; path = EventListTableViewCell.swift; sourceTree = "<group>"; };
		805FFD5C26D68AB6006E45E9 /* EventListTableViewCell.xib */ = {isa = PBXFileReference; lastKnownFileType = file.xib; path = EventListTableViewCell.xib; sourceTree = "<group>"; };
		805FFD7326D7453A006E45E9 /* Utilities.swift */ = {isa = PBXFileReference; lastKnownFileType = sourcecode.swift; path = Utilities.swift; sourceTree = "<group>"; };
		809B350526D935D6001DF491 /* CaseA.swift */ = {isa = PBXFileReference; lastKnownFileType = sourcecode.swift; path = CaseA.swift; sourceTree = "<group>"; };
		809B350A26D937E6001DF491 /* CaseB.swift */ = {isa = PBXFileReference; lastKnownFileType = sourcecode.swift; path = CaseB.swift; sourceTree = "<group>"; };
		80EAF7B826D7F9C600A97EF8 /* OCRViewController.swift */ = {isa = PBXFileReference; lastKnownFileType = sourcecode.swift; path = OCRViewController.swift; sourceTree = "<group>"; };
		80EAF7BD26D7F9DC00A97EF8 /* ORCViewModel.swift */ = {isa = PBXFileReference; lastKnownFileType = sourcecode.swift; path = ORCViewModel.swift; sourceTree = "<group>"; };
		80EAF7C226D7F9EC00A97EF8 /* OCRModel.swift */ = {isa = PBXFileReference; lastKnownFileType = sourcecode.swift; path = OCRModel.swift; sourceTree = "<group>"; };
/* End PBXFileReference section */

/* Begin PBXFrameworksBuildPhase section */
		805FFCAD26D623E6006E45E9 /* Frameworks */ = {
			isa = PBXFrameworksBuildPhase;
			buildActionMask = 2147483647;
			files = (
			);
			runOnlyForDeploymentPostprocessing = 0;
		};
		805FFCC626D623E9006E45E9 /* Frameworks */ = {
			isa = PBXFrameworksBuildPhase;
			buildActionMask = 2147483647;
			files = (
			);
			runOnlyForDeploymentPostprocessing = 0;
		};
		805FFCD126D623EA006E45E9 /* Frameworks */ = {
			isa = PBXFrameworksBuildPhase;
			buildActionMask = 2147483647;
			files = (
			);
			runOnlyForDeploymentPostprocessing = 0;
		};
/* End PBXFrameworksBuildPhase section */

/* Begin PBXGroup section */
		805FFCA726D623E6006E45E9 = {
			isa = PBXGroup;
			children = (
				805FFCB226D623E6006E45E9 /* MahendraAssignment */,
				805FFCCC26D623EA006E45E9 /* MahendraAssignmentTests */,
				805FFCD726D623EA006E45E9 /* MahendraAssignmentUITests */,
				805FFCB126D623E6006E45E9 /* Products */,
			);
			sourceTree = "<group>";
		};
		805FFCB126D623E6006E45E9 /* Products */ = {
			isa = PBXGroup;
			children = (
				805FFCB026D623E6006E45E9 /* MahendraAssignment.app */,
				805FFCC926D623E9006E45E9 /* MahendraAssignmentTests.xctest */,
				805FFCD426D623EA006E45E9 /* MahendraAssignmentUITests.xctest */,
			);
			name = Products;
			sourceTree = "<group>";
		};
		805FFCB226D623E6006E45E9 /* MahendraAssignment */ = {
			isa = PBXGroup;
			children = (
				805FFD7226D7451F006E45E9 /* Utils */,
				805FFCF926D62677006E45E9 /* App */,
				805FFCF826D6264F006E45E9 /* CaseA */,
				805FFCF426D625E3006E45E9 /* CaseB */,
				805FFCB326D623E6006E45E9 /* AppDelegate.swift */,
				805FFCB526D623E6006E45E9 /* SceneDelegate.swift */,
				805FFCB926D623E6006E45E9 /* Main.storyboard */,
				805FFCBF26D623E9006E45E9 /* Assets.xcassets */,
				805FFCC126D623E9006E45E9 /* LaunchScreen.storyboard */,
				805FFCC426D623E9006E45E9 /* Info.plist */,
				805FFCBC26D623E6006E45E9 /* MahendraAssignment.xcdatamodeld */,
			);
			path = MahendraAssignment;
			sourceTree = "<group>";
		};
		805FFCCC26D623EA006E45E9 /* MahendraAssignmentTests */ = {
			isa = PBXGroup;
			children = (
				805FFCCD26D623EA006E45E9 /* MahendraAssignmentTests.swift */,
				805FFCCF26D623EA006E45E9 /* Info.plist */,
				809B350526D935D6001DF491 /* CaseA.swift */,
				809B350A26D937E6001DF491 /* CaseB.swift */,
			);
			path = MahendraAssignmentTests;
			sourceTree = "<group>";
		};
		805FFCD726D623EA006E45E9 /* MahendraAssignmentUITests */ = {
			isa = PBXGroup;
			children = (
				805FFCD826D623EA006E45E9 /* MahendraAssignmentUITests.swift */,
				805FFCDA26D623EA006E45E9 /* Info.plist */,
			);
			path = MahendraAssignmentUITests;
			sourceTree = "<group>";
		};
		805FFCF426D625E3006E45E9 /* CaseB */ = {
			isa = PBXGroup;
			children = (
				80EAF7B426D7F97500A97EF8 /* Home */,
			);
			path = CaseB;
			sourceTree = "<group>";
		};
		805FFCF826D6264F006E45E9 /* CaseA */ = {
			isa = PBXGroup;
			children = (
				805FFD1F26D6571A006E45E9 /* AddEvent */,
				805FFD0026D64F0F006E45E9 /* Events */,
			);
			path = CaseA;
			sourceTree = "<group>";
		};
		805FFCF926D62677006E45E9 /* App */ = {
			isa = PBXGroup;
			children = (
				805FFCFA26D627B3006E45E9 /* CaseViewController.swift */,
				805FFD5526D67F98006E45E9 /* BaseViewController.swift */,
			);
			path = App;
			sourceTree = "<group>";
		};
		805FFD0026D64F0F006E45E9 /* Events */ = {
			isa = PBXGroup;
			children = (
				805FFD1326D64FAB006E45E9 /* Model */,
				805FFD0D26D64F84006E45E9 /* View Model */,
				805FFD0C26D64F6D006E45E9 /* View */,
			);
			path = Events;
			sourceTree = "<group>";
		};
		805FFD0C26D64F6D006E45E9 /* View */ = {
			isa = PBXGroup;
			children = (
				805FFD0226D64F5F006E45E9 /* EventsViewController.swift */,
				805FFD5B26D68AB6006E45E9 /* EventListTableViewCell.swift */,
				805FFD5C26D68AB6006E45E9 /* EventListTableViewCell.xib */,
			);
			path = View;
			sourceTree = "<group>";
		};
		805FFD0D26D64F84006E45E9 /* View Model */ = {
			isa = PBXGroup;
			children = (
				805FFD0E26D64F9D006E45E9 /* EventViewModel.swift */,
			);
			path = "View Model";
			sourceTree = "<group>";
		};
		805FFD1326D64FAB006E45E9 /* Model */ = {
			isa = PBXGroup;
			children = (
				805FFD1426D64FD3006E45E9 /* EventModel.swift */,
			);
			path = Model;
			sourceTree = "<group>";
		};
		805FFD1F26D6571A006E45E9 /* AddEvent */ = {
			isa = PBXGroup;
			children = (
				805FFD2226D6573B006E45E9 /* Model */,
				805FFD2126D65733006E45E9 /* ViewModel */,
				805FFD2026D6572C006E45E9 /* View */,
			);
			path = AddEvent;
			sourceTree = "<group>";
		};
		805FFD2026D6572C006E45E9 /* View */ = {
			isa = PBXGroup;
			children = (
				805FFD2326D65751006E45E9 /* AddEventViewController.swift */,
				805FFD4B26D66D94006E45E9 /* DatePickerViewController.swift */,
				805FFD4C26D66D94006E45E9 /* DatePickerViewController.xib */,
			);
			path = View;
			sourceTree = "<group>";
		};
		805FFD2126D65733006E45E9 /* ViewModel */ = {
			isa = PBXGroup;
			children = (
				805FFD2826D65773006E45E9 /* AddEventViewModel.swift */,
			);
			path = ViewModel;
			sourceTree = "<group>";
		};
		805FFD2226D6573B006E45E9 /* Model */ = {
			isa = PBXGroup;
			children = (
				805FFD3226D65F36006E45E9 /* Events+CoreDataClass.swift */,
				805FFD3326D65F36006E45E9 /* Events+CoreDataProperties.swift */,
				805FFD2D26D65782006E45E9 /* AddEventsModel.swift */,
			);
			path = Model;
			sourceTree = "<group>";
		};
		805FFD7226D7451F006E45E9 /* Utils */ = {
			isa = PBXGroup;
			children = (
				805FFD7326D7453A006E45E9 /* Utilities.swift */,
			);
			path = Utils;
			sourceTree = "<group>";
		};
		80EAF7B426D7F97500A97EF8 /* Home */ = {
			isa = PBXGroup;
			children = (
				80EAF7B726D7F99C00A97EF8 /* Model */,
				80EAF7B626D7F99200A97EF8 /* Viewmodel */,
				80EAF7B526D7F98B00A97EF8 /* View */,
			);
			path = Home;
			sourceTree = "<group>";
		};
		80EAF7B526D7F98B00A97EF8 /* View */ = {
			isa = PBXGroup;
			children = (
				80EAF7B826D7F9C600A97EF8 /* OCRViewController.swift */,
			);
			path = View;
			sourceTree = "<group>";
		};
		80EAF7B626D7F99200A97EF8 /* Viewmodel */ = {
			isa = PBXGroup;
			children = (
				80EAF7BD26D7F9DC00A97EF8 /* ORCViewModel.swift */,
			);
			path = Viewmodel;
			sourceTree = "<group>";
		};
		80EAF7B726D7F99C00A97EF8 /* Model */ = {
			isa = PBXGroup;
			children = (
				80EAF7C226D7F9EC00A97EF8 /* OCRModel.swift */,
			);
			path = Model;
			sourceTree = "<group>";
		};
/* End PBXGroup section */

/* Begin PBXNativeTarget section */
		805FFCAF26D623E6006E45E9 /* MahendraAssignment */ = {
			isa = PBXNativeTarget;
			buildConfigurationList = 805FFCDD26D623EA006E45E9 /* Build configuration list for PBXNativeTarget "MahendraAssignment" */;
			buildPhases = (
				805FFCAC26D623E6006E45E9 /* Sources */,
				805FFCAD26D623E6006E45E9 /* Frameworks */,
				805FFCAE26D623E6006E45E9 /* Resources */,
			);
			buildRules = (
			);
			dependencies = (
			);
			name = MahendraAssignment;
			productName = MahendraAssignment;
			productReference = 805FFCB026D623E6006E45E9 /* MahendraAssignment.app */;
			productType = "com.apple.product-type.application";
		};
		805FFCC826D623E9006E45E9 /* MahendraAssignmentTests */ = {
			isa = PBXNativeTarget;
			buildConfigurationList = 805FFCE026D623EA006E45E9 /* Build configuration list for PBXNativeTarget "MahendraAssignmentTests" */;
			buildPhases = (
				805FFCC526D623E9006E45E9 /* Sources */,
				805FFCC626D623E9006E45E9 /* Frameworks */,
				805FFCC726D623E9006E45E9 /* Resources */,
			);
			buildRules = (
			);
			dependencies = (
				805FFCCB26D623E9006E45E9 /* PBXTargetDependency */,
			);
			name = MahendraAssignmentTests;
			productName = MahendraAssignmentTests;
			productReference = 805FFCC926D623E9006E45E9 /* MahendraAssignmentTests.xctest */;
			productType = "com.apple.product-type.bundle.unit-test";
		};
		805FFCD326D623EA006E45E9 /* MahendraAssignmentUITests */ = {
			isa = PBXNativeTarget;
			buildConfigurationList = 805FFCE326D623EA006E45E9 /* Build configuration list for PBXNativeTarget "MahendraAssignmentUITests" */;
			buildPhases = (
				805FFCD026D623EA006E45E9 /* Sources */,
				805FFCD126D623EA006E45E9 /* Frameworks */,
				805FFCD226D623EA006E45E9 /* Resources */,
			);
			buildRules = (
			);
			dependencies = (
				805FFCD626D623EA006E45E9 /* PBXTargetDependency */,
			);
			name = MahendraAssignmentUITests;
			productName = MahendraAssignmentUITests;
			productReference = 805FFCD426D623EA006E45E9 /* MahendraAssignmentUITests.xctest */;
			productType = "com.apple.product-type.bundle.ui-testing";
		};
/* End PBXNativeTarget section */

/* Begin PBXProject section */
		805FFCA826D623E6006E45E9 /* Project object */ = {
			isa = PBXProject;
			attributes = {
				LastSwiftUpdateCheck = 1240;
				LastUpgradeCheck = 1240;
				TargetAttributes = {
					805FFCAF26D623E6006E45E9 = {
						CreatedOnToolsVersion = 12.4;
					};
					805FFCC826D623E9006E45E9 = {
						CreatedOnToolsVersion = 12.4;
						TestTargetID = 805FFCAF26D623E6006E45E9;
					};
					805FFCD326D623EA006E45E9 = {
						CreatedOnToolsVersion = 12.4;
						TestTargetID = 805FFCAF26D623E6006E45E9;
					};
				};
			};
			buildConfigurationList = 805FFCAB26D623E6006E45E9 /* Build configuration list for PBXProject "MahendraAssignment" */;
			compatibilityVersion = "Xcode 9.3";
			developmentRegion = en;
			hasScannedForEncodings = 0;
			knownRegions = (
				en,
				Base,
			);
			mainGroup = 805FFCA726D623E6006E45E9;
			productRefGroup = 805FFCB126D623E6006E45E9 /* Products */;
			projectDirPath = "";
			projectRoot = "";
			targets = (
				805FFCAF26D623E6006E45E9 /* MahendraAssignment */,
				805FFCC826D623E9006E45E9 /* MahendraAssignmentTests */,
				805FFCD326D623EA006E45E9 /* MahendraAssignmentUITests */,
			);
		};
/* End PBXProject section */

/* Begin PBXResourcesBuildPhase section */
		805FFCAE26D623E6006E45E9 /* Resources */ = {
			isa = PBXResourcesBuildPhase;
			buildActionMask = 2147483647;
			files = (
				805FFD4E26D66D94006E45E9 /* DatePickerViewController.xib in Resources */,
				805FFCC326D623E9006E45E9 /* LaunchScreen.storyboard in Resources */,
				805FFCC026D623E9006E45E9 /* Assets.xcassets in Resources */,
				805FFCBB26D623E6006E45E9 /* Main.storyboard in Resources */,
				805FFD5E26D68AB6006E45E9 /* EventListTableViewCell.xib in Resources */,
			);
			runOnlyForDeploymentPostprocessing = 0;
		};
		805FFCC726D623E9006E45E9 /* Resources */ = {
			isa = PBXResourcesBuildPhase;
			buildActionMask = 2147483647;
			files = (
			);
			runOnlyForDeploymentPostprocessing = 0;
		};
		805FFCD226D623EA006E45E9 /* Resources */ = {
			isa = PBXResourcesBuildPhase;
			buildActionMask = 2147483647;
			files = (
			);
			runOnlyForDeploymentPostprocessing = 0;
		};
/* End PBXResourcesBuildPhase section */

/* Begin PBXSourcesBuildPhase section */
		805FFCAC26D623E6006E45E9 /* Sources */ = {
			isa = PBXSourcesBuildPhase;
			buildActionMask = 2147483647;
			files = (
				805FFD5D26D68AB6006E45E9 /* EventListTableViewCell.swift in Sources */,
				805FFD2E26D65782006E45E9 /* AddEventsModel.swift in Sources */,
				805FFD7426D7453A006E45E9 /* Utilities.swift in Sources */,
				805FFCBE26D623E6006E45E9 /* MahendraAssignment.xcdatamodeld in Sources */,
				805FFD2426D65751006E45E9 /* AddEventViewController.swift in Sources */,
				805FFD0F26D64F9D006E45E9 /* EventViewModel.swift in Sources */,
				805FFD4D26D66D94006E45E9 /* DatePickerViewController.swift in Sources */,
				805FFD5626D67F99006E45E9 /* BaseViewController.swift in Sources */,
				80EAF7B926D7F9C600A97EF8 /* OCRViewController.swift in Sources */,
				805FFCB426D623E6006E45E9 /* AppDelegate.swift in Sources */,
				805FFCFB26D627B3006E45E9 /* CaseViewController.swift in Sources */,
				805FFD1526D64FD3006E45E9 /* EventModel.swift in Sources */,
				805FFCB626D623E6006E45E9 /* SceneDelegate.swift in Sources */,
				80EAF7BE26D7F9DC00A97EF8 /* ORCViewModel.swift in Sources */,
				805FFD0426D64F5F006E45E9 /* EventsViewController.swift in Sources */,
				805FFD2926D65773006E45E9 /* AddEventViewModel.swift in Sources */,
				80EAF7C326D7F9EC00A97EF8 /* OCRModel.swift in Sources */,
			);
			runOnlyForDeploymentPostprocessing = 0;
		};
		805FFCC526D623E9006E45E9 /* Sources */ = {
			isa = PBXSourcesBuildPhase;
			buildActionMask = 2147483647;
			files = (
				805FFCCE26D623EA006E45E9 /* MahendraAssignmentTests.swift in Sources */,
				809B350B26D937E6001DF491 /* CaseB.swift in Sources */,
				809B350626D935D6001DF491 /* CaseA.swift in Sources */,
			);
			runOnlyForDeploymentPostprocessing = 0;
		};
		805FFCD026D623EA006E45E9 /* Sources */ = {
			isa = PBXSourcesBuildPhase;
			buildActionMask = 2147483647;
			files = (
				805FFCD926D623EA006E45E9 /* MahendraAssignmentUITests.swift in Sources */,
			);
			runOnlyForDeploymentPostprocessing = 0;
		};
/* End PBXSourcesBuildPhase section */

/* Begin PBXTargetDependency section */
		805FFCCB26D623E9006E45E9 /* PBXTargetDependency */ = {
			isa = PBXTargetDependency;
			target = 805FFCAF26D623E6006E45E9 /* MahendraAssignment */;
			targetProxy = 805FFCCA26D623E9006E45E9 /* PBXContainerItemProxy */;
		};
		805FFCD626D623EA006E45E9 /* PBXTargetDependency */ = {
			isa = PBXTargetDependency;
			target = 805FFCAF26D623E6006E45E9 /* MahendraAssignment */;
			targetProxy = 805FFCD526D623EA006E45E9 /* PBXContainerItemProxy */;
		};
/* End PBXTargetDependency section */

/* Begin PBXVariantGroup section */
		805FFCB926D623E6006E45E9 /* Main.storyboard */ = {
			isa = PBXVariantGroup;
			children = (
				805FFCBA26D623E6006E45E9 /* Base */,
			);
			name = Main.storyboard;
			sourceTree = "<group>";
		};
		805FFCC126D623E9006E45E9 /* LaunchScreen.storyboard */ = {
			isa = PBXVariantGroup;
			children = (
				805FFCC226D623E9006E45E9 /* Base */,
			);
			name = LaunchScreen.storyboard;
			sourceTree = "<group>";
		};
/* End PBXVariantGroup section */

/* Begin XCBuildConfiguration section */
		805FFCDB26D623EA006E45E9 /* Debug */ = {
			isa = XCBuildConfiguration;
			buildSettings = {
				ALWAYS_SEARCH_USER_PATHS = NO;
				CLANG_ANALYZER_NONNULL = YES;
				CLANG_ANALYZER_NUMBER_OBJECT_CONVERSION = YES_AGGRESSIVE;
				CLANG_CXX_LANGUAGE_STANDARD = "gnu++14";
				CLANG_CXX_LIBRARY = "libc++";
				CLANG_ENABLE_MODULES = YES;
				CLANG_ENABLE_OBJC_ARC = YES;
				CLANG_ENABLE_OBJC_WEAK = YES;
				CLANG_WARN_BLOCK_CAPTURE_AUTORELEASING = YES;
				CLANG_WARN_BOOL_CONVERSION = YES;
				CLANG_WARN_COMMA = YES;
				CLANG_WARN_CONSTANT_CONVERSION = YES;
				CLANG_WARN_DEPRECATED_OBJC_IMPLEMENTATIONS = YES;
				CLANG_WARN_DIRECT_OBJC_ISA_USAGE = YES_ERROR;
				CLANG_WARN_DOCUMENTATION_COMMENTS = YES;
				CLANG_WARN_EMPTY_BODY = YES;
				CLANG_WARN_ENUM_CONVERSION = YES;
				CLANG_WARN_INFINITE_RECURSION = YES;
				CLANG_WARN_INT_CONVERSION = YES;
				CLANG_WARN_NON_LITERAL_NULL_CONVERSION = YES;
				CLANG_WARN_OBJC_IMPLICIT_RETAIN_SELF = YES;
				CLANG_WARN_OBJC_LITERAL_CONVERSION = YES;
				CLANG_WARN_OBJC_ROOT_CLASS = YES_ERROR;
				CLANG_WARN_QUOTED_INCLUDE_IN_FRAMEWORK_HEADER = YES;
				CLANG_WARN_RANGE_LOOP_ANALYSIS = YES;
				CLANG_WARN_STRICT_PROTOTYPES = YES;
				CLANG_WARN_SUSPICIOUS_MOVE = YES;
				CLANG_WARN_UNGUARDED_AVAILABILITY = YES_AGGRESSIVE;
				CLANG_WARN_UNREACHABLE_CODE = YES;
				CLANG_WARN__DUPLICATE_METHOD_MATCH = YES;
				COPY_PHASE_STRIP = NO;
				DEBUG_INFORMATION_FORMAT = dwarf;
				ENABLE_STRICT_OBJC_MSGSEND = YES;
				ENABLE_TESTABILITY = YES;
				GCC_C_LANGUAGE_STANDARD = gnu11;
				GCC_DYNAMIC_NO_PIC = NO;
				GCC_NO_COMMON_BLOCKS = YES;
				GCC_OPTIMIZATION_LEVEL = 0;
				GCC_PREPROCESSOR_DEFINITIONS = (
					"DEBUG=1",
					"$(inherited)",
				);
				GCC_WARN_64_TO_32_BIT_CONVERSION = YES;
				GCC_WARN_ABOUT_RETURN_TYPE = YES_ERROR;
				GCC_WARN_UNDECLARED_SELECTOR = YES;
				GCC_WARN_UNINITIALIZED_AUTOS = YES_AGGRESSIVE;
				GCC_WARN_UNUSED_FUNCTION = YES;
				GCC_WARN_UNUSED_VARIABLE = YES;
				IPHONEOS_DEPLOYMENT_TARGET = 14.4;
				MTL_ENABLE_DEBUG_INFO = INCLUDE_SOURCE;
				MTL_FAST_MATH = YES;
				ONLY_ACTIVE_ARCH = YES;
				SDKROOT = iphoneos;
				SWIFT_ACTIVE_COMPILATION_CONDITIONS = DEBUG;
				SWIFT_OPTIMIZATION_LEVEL = "-Onone";
			};
			name = Debug;
		};
		805FFCDC26D623EA006E45E9 /* Release */ = {
			isa = XCBuildConfiguration;
			buildSettings = {
				ALWAYS_SEARCH_USER_PATHS = NO;
				CLANG_ANALYZER_NONNULL = YES;
				CLANG_ANALYZER_NUMBER_OBJECT_CONVERSION = YES_AGGRESSIVE;
				CLANG_CXX_LANGUAGE_STANDARD = "gnu++14";
				CLANG_CXX_LIBRARY = "libc++";
				CLANG_ENABLE_MODULES = YES;
				CLANG_ENABLE_OBJC_ARC = YES;
				CLANG_ENABLE_OBJC_WEAK = YES;
				CLANG_WARN_BLOCK_CAPTURE_AUTORELEASING = YES;
				CLANG_WARN_BOOL_CONVERSION = YES;
				CLANG_WARN_COMMA = YES;
				CLANG_WARN_CONSTANT_CONVERSION = YES;
				CLANG_WARN_DEPRECATED_OBJC_IMPLEMENTATIONS = YES;
				CLANG_WARN_DIRECT_OBJC_ISA_USAGE = YES_ERROR;
				CLANG_WARN_DOCUMENTATION_COMMENTS = YES;
				CLANG_WARN_EMPTY_BODY = YES;
				CLANG_WARN_ENUM_CONVERSION = YES;
				CLANG_WARN_INFINITE_RECURSION = YES;
				CLANG_WARN_INT_CONVERSION = YES;
				CLANG_WARN_NON_LITERAL_NULL_CONVERSION = YES;
				CLANG_WARN_OBJC_IMPLICIT_RETAIN_SELF = YES;
				CLANG_WARN_OBJC_LITERAL_CONVERSION = YES;
				CLANG_WARN_OBJC_ROOT_CLASS = YES_ERROR;
				CLANG_WARN_QUOTED_INCLUDE_IN_FRAMEWORK_HEADER = YES;
				CLANG_WARN_RANGE_LOOP_ANALYSIS = YES;
				CLANG_WARN_STRICT_PROTOTYPES = YES;
				CLANG_WARN_SUSPICIOUS_MOVE = YES;
				CLANG_WARN_UNGUARDED_AVAILABILITY = YES_AGGRESSIVE;
				CLANG_WARN_UNREACHABLE_CODE = YES;
				CLANG_WARN__DUPLICATE_METHOD_MATCH = YES;
				COPY_PHASE_STRIP = NO;
				DEBUG_INFORMATION_FORMAT = "dwarf-with-dsym";
				ENABLE_NS_ASSERTIONS = NO;
				ENABLE_STRICT_OBJC_MSGSEND = YES;
				GCC_C_LANGUAGE_STANDARD = gnu11;
				GCC_NO_COMMON_BLOCKS = YES;
				GCC_WARN_64_TO_32_BIT_CONVERSION = YES;
				GCC_WARN_ABOUT_RETURN_TYPE = YES_ERROR;
				GCC_WARN_UNDECLARED_SELECTOR = YES;
				GCC_WARN_UNINITIALIZED_AUTOS = YES_AGGRESSIVE;
				GCC_WARN_UNUSED_FUNCTION = YES;
				GCC_WARN_UNUSED_VARIABLE = YES;
				IPHONEOS_DEPLOYMENT_TARGET = 14.4;
				MTL_ENABLE_DEBUG_INFO = NO;
				MTL_FAST_MATH = YES;
				SDKROOT = iphoneos;
				SWIFT_COMPILATION_MODE = wholemodule;
				SWIFT_OPTIMIZATION_LEVEL = "-O";
				VALIDATE_PRODUCT = YES;
			};
			name = Release;
		};
		805FFCDE26D623EA006E45E9 /* Debug */ = {
			isa = XCBuildConfiguration;
			buildSettings = {
				ASSETCATALOG_COMPILER_APPICON_NAME = AppIcon;
				ASSETCATALOG_COMPILER_GLOBAL_ACCENT_COLOR_NAME = AccentColor;
				CODE_SIGN_STYLE = Automatic;
				INFOPLIST_FILE = MahendraAssignment/Info.plist;
				IPHONEOS_DEPLOYMENT_TARGET = 13.0;
				LD_RUNPATH_SEARCH_PATHS = (
					"$(inherited)",
					"@executable_path/Frameworks",
				);
				PRODUCT_BUNDLE_IDENTIFIER = "mahendraVishwakarma.OCT-Remider";
				PRODUCT_NAME = "$(TARGET_NAME)";
				SWIFT_VERSION = 5.0;
				TARGETED_DEVICE_FAMILY = "1,2";
			};
			name = Debug;
		};
		805FFCDF26D623EA006E45E9 /* Release */ = {
			isa = XCBuildConfiguration;
			buildSettings = {
				ASSETCATALOG_COMPILER_APPICON_NAME = AppIcon;
				ASSETCATALOG_COMPILER_GLOBAL_ACCENT_COLOR_NAME = AccentColor;
				CODE_SIGN_STYLE = Automatic;
				INFOPLIST_FILE = MahendraAssignment/Info.plist;
				IPHONEOS_DEPLOYMENT_TARGET = 13.0;
				LD_RUNPATH_SEARCH_PATHS = (
					"$(inherited)",
					"@executable_path/Frameworks",
				);
				PRODUCT_BUNDLE_IDENTIFIER = "mahendraVishwakarma.OCT-Remider";
				PRODUCT_NAME = "$(TARGET_NAME)";
				SWIFT_VERSION = 5.0;
				TARGETED_DEVICE_FAMILY = "1,2";
			};
			name = Release;
		};
		805FFCE126D623EA006E45E9 /* Debug */ = {
			isa = XCBuildConfiguration;
			buildSettings = {
				ALWAYS_EMBED_SWIFT_STANDARD_LIBRARIES = YES;
				BUNDLE_LOADER = "$(TEST_HOST)";
				CODE_SIGN_STYLE = Automatic;
				INFOPLIST_FILE = MahendraAssignmentTests/Info.plist;
				IPHONEOS_DEPLOYMENT_TARGET = 14.4;
				LD_RUNPATH_SEARCH_PATHS = (
					"$(inherited)",
					"@executable_path/Frameworks",
					"@loader_path/Frameworks",
				);
				PRODUCT_BUNDLE_IDENTIFIER = mahendraVishwakarma.MahendraAssignmentTests;
				PRODUCT_NAME = "$(TARGET_NAME)";
				SWIFT_VERSION = 5.0;
				TARGETED_DEVICE_FAMILY = "1,2";
				TEST_HOST = "$(BUILT_PRODUCTS_DIR)/MahendraAssignment.app/MahendraAssignment";
			};
			name = Debug;
		};
		805FFCE226D623EA006E45E9 /* Release */ = {
			isa = XCBuildConfiguration;
			buildSettings = {
				ALWAYS_EMBED_SWIFT_STANDARD_LIBRARIES = YES;
				BUNDLE_LOADER = "$(TEST_HOST)";
				CODE_SIGN_STYLE = Automatic;
				INFOPLIST_FILE = MahendraAssignmentTests/Info.plist;
				IPHONEOS_DEPLOYMENT_TARGET = 14.4;
				LD_RUNPATH_SEARCH_PATHS = (
					"$(inherited)",
					"@executable_path/Frameworks",
					"@loader_path/Frameworks",
				);
				PRODUCT_BUNDLE_IDENTIFIER = mahendraVishwakarma.MahendraAssignmentTests;
				PRODUCT_NAME = "$(TARGET_NAME)";
				SWIFT_VERSION = 5.0;
				TARGETED_DEVICE_FAMILY = "1,2";
				TEST_HOST = "$(BUILT_PRODUCTS_DIR)/MahendraAssignment.app/MahendraAssignment";
			};
			name = Release;
		};
		805FFCE426D623EA006E45E9 /* Debug */ = {
			isa = XCBuildConfiguration;
			buildSettings = {
				ALWAYS_EMBED_SWIFT_STANDARD_LIBRARIES = YES;
				CODE_SIGN_STYLE = Automatic;
				INFOPLIST_FILE = MahendraAssignmentUITests/Info.plist;
				LD_RUNPATH_SEARCH_PATHS = (
					"$(inherited)",
					"@executable_path/Frameworks",
					"@loader_path/Frameworks",
				);
				PRODUCT_BUNDLE_IDENTIFIER = mahendraVishwakarma.MahendraAssignmentUITests;
				PRODUCT_NAME = "$(TARGET_NAME)";
				SWIFT_VERSION = 5.0;
				TARGETED_DEVICE_FAMILY = "1,2";
				TEST_TARGET_NAME = MahendraAssignment;
			};
			name = Debug;
		};
		805FFCE526D623EA006E45E9 /* Release */ = {
			isa = XCBuildConfiguration;
			buildSettings = {
				ALWAYS_EMBED_SWIFT_STANDARD_LIBRARIES = YES;
				CODE_SIGN_STYLE = Automatic;
				INFOPLIST_FILE = MahendraAssignmentUITests/Info.plist;
				LD_RUNPATH_SEARCH_PATHS = (
					"$(inherited)",
					"@executable_path/Frameworks",
					"@loader_path/Frameworks",
				);
				PRODUCT_BUNDLE_IDENTIFIER = mahendraVishwakarma.MahendraAssignmentUITests;
				PRODUCT_NAME = "$(TARGET_NAME)";
				SWIFT_VERSION = 5.0;
				TARGETED_DEVICE_FAMILY = "1,2";
				TEST_TARGET_NAME = MahendraAssignment;
			};
			name = Release;
		};
/* End XCBuildConfiguration section */

/* Begin XCConfigurationList section */
		805FFCAB26D623E6006E45E9 /* Build configuration list for PBXProject "MahendraAssignment" */ = {
			isa = XCConfigurationList;
			buildConfigurations = (
				805FFCDB26D623EA006E45E9 /* Debug */,
				805FFCDC26D623EA006E45E9 /* Release */,
			);
			defaultConfigurationIsVisible = 0;
			defaultConfigurationName = Release;
		};
		805FFCDD26D623EA006E45E9 /* Build configuration list for PBXNativeTarget "MahendraAssignment" */ = {
			isa = XCConfigurationList;
			buildConfigurations = (
				805FFCDE26D623EA006E45E9 /* Debug */,
				805FFCDF26D623EA006E45E9 /* Release */,
			);
			defaultConfigurationIsVisible = 0;
			defaultConfigurationName = Release;
		};
		805FFCE026D623EA006E45E9 /* Build configuration list for PBXNativeTarget "MahendraAssignmentTests" */ = {
			isa = XCConfigurationList;
			buildConfigurations = (
				805FFCE126D623EA006E45E9 /* Debug */,
				805FFCE226D623EA006E45E9 /* Release */,
			);
			defaultConfigurationIsVisible = 0;
			defaultConfigurationName = Release;
		};
		805FFCE326D623EA006E45E9 /* Build configuration list for PBXNativeTarget "MahendraAssignmentUITests" */ = {
			isa = XCConfigurationList;
			buildConfigurations = (
				805FFCE426D623EA006E45E9 /* Debug */,
				805FFCE526D623EA006E45E9 /* Release */,
			);
			defaultConfigurationIsVisible = 0;
			defaultConfigurationName = Release;
		};
/* End XCConfigurationList section */

/* Begin XCVersionGroup section */
		805FFCBC26D623E6006E45E9 /* MahendraAssignment.xcdatamodeld */ = {
			isa = XCVersionGroup;
			children = (
				805FFCBD26D623E6006E45E9 /* MahendraAssignment.xcdatamodel */,
			);
			currentVersion = 805FFCBD26D623E6006E45E9 /* MahendraAssignment.xcdatamodel */;
			path = MahendraAssignment.xcdatamodeld;
			sourceTree = "<group>";
			versionGroupType = wrapper.xcdatamodel;
		};
/* End XCVersionGroup section */
	};
	rootObject = 805FFCA826D623E6006E45E9 /* Project object */;
}
